
Microsoft Visual Studio Solution File, Format Version 12.00
# Visual Studio Version 17
VisualStudioVersion = 17.14.36221.1 d17.14
MinimumVisualStudioVersion = 10.0.40219.1
Project("{FAE04EC0-301F-11D3-BF4B-00C04F79EFBC}") = "PlayGame!", "PlayGame!\PlayGame!.csproj", "{8398ADE6-B062-40A6-8162-FE8C2A0996FA}"
EndProject
Global
	GlobalSection(SolutionConfigurationPlatforms) = preSolution
		Debug|Any CPU = Debug|Any CPU
		Release|Any CPU = Release|Any CPU
	EndGlobalSection
	GlobalSection(ProjectConfigurationPlatforms) = postSolution
		{8398ADE6-B062-40A6-8162-FE8C2A0996FA}.Debug|Any CPU.ActiveCfg = Debug|Any CPU
		{8398ADE6-B062-40A6-8162-FE8C2A0996FA}.Debug|Any CPU.Build.0 = Debug|Any CPU
		{8398ADE6-B062-40A6-8162-FE8C2A0996FA}.Release|Any CPU.ActiveCfg = Release|Any CPU
		{8398ADE6-B062-40A6-8162-FE8C2A0996FA}.Release|Any CPU.Build.0 = Release|Any CPU
	EndGlobalSection
	GlobalSection(SolutionProperties) = preSolution
		HideSolutionNode = FALSE
	EndGlobalSection
	GlobalSection(ExtensibilityGlobals) = postSolution
		SolutionGuid = {928AE123-AB6B-4B5B-AE6B-2E48DF8C2960}
	EndGlobalSection
EndGlobal
